Microsoft Visual Studio Solution File, Format Version 12.00
# Visual Studio Version 17
VisualStudioVersion = 17.5.2.0
MinimumVisualStudioVersion = 10.0.40219.1
Project("{FAE04EC0-301F-11D3-BF4B-00C04F79EFBC}") = "Questao2", "Questao2\Questao2.csproj", "{1850E5E6-DDA5-F0F1-36E6-45A8D6562EA6}"
EndProject
Project("{FAE04EC0-301F-11D3-BF4B-00C04F79EFBC}") = "Questao1", "Questao1\Questao1.csproj", "{08683B6D-8CB8-209C-0624-4D9BEED805FB}"
EndProject
Project("{FAE04EC0-301F-11D3-BF4B-00C04F79EFBC}") = "Questao3", "Questao3\Questao3.csproj", "{FDF4F4D7-715B-A91D-6747-B832EB55E8D4}"
EndProject
Project("{FAE04EC0-301F-11D3-BF4B-00C04F79EFBC}") = "Questao4", "Questao4\Questao4.csproj", "{BA90AE0A-28F9-BEB1-CFEC-D0876D495D2D}"
EndProject
Global
	GlobalSection(SolutionConfigurationPlatforms) = preSolution
		Debug|Any CPU = Debug|Any CPU
		Release|Any CPU = Release|Any CPU
	EndGlobalSection
	GlobalSection(ProjectConfigurationPlatforms) = postSolution
		{1850E5E6-DDA5-F0F1-36E6-45A8D6562EA6}.Debug|Any CPU.ActiveCfg = Debug|Any CPU
		{1850E5E6-DDA5-F0F1-36E6-45A8D6562EA6}.Debug|Any CPU.Build.0 = Debug|Any CPU
		{1850E5E6-DDA5-F0F1-36E6-45A8D6562EA6}.Release|Any CPU.ActiveCfg = Release|Any CPU
		{1850E5E6-DDA5-F0F1-36E6-45A8D6562EA6}.Release|Any CPU.Build.0 = Release|Any CPU
		{08683B6D-8CB8-209C-0624-4D9BEED805FB}.Debug|Any CPU.ActiveCfg = Debug|Any CPU
		{08683B6D-8CB8-209C-0624-4D9BEED805FB}.Debug|Any CPU.Build.0 = Debug|Any CPU
		{08683B6D-8CB8-209C-0624-4D9BEED805FB}.Release|Any CPU.ActiveCfg = Release|Any CPU
		{08683B6D-8CB8-209C-0624-4D9BEED805FB}.Release|Any CPU.Build.0 = Release|Any CPU
		{FDF4F4D7-715B-A91D-6747-B832EB55E8D4}.Debug|Any CPU.ActiveCfg = Debug|Any CPU
		{FDF4F4D7-715B-A91D-6747-B832EB55E8D4}.Debug|Any CPU.Build.0 = Debug|Any CPU
		{FDF4F4D7-715B-A91D-6747-B832EB55E8D4}.Release|Any CPU.ActiveCfg = Release|Any CPU
		{FDF4F4D7-715B-A91D-6747-B832EB55E8D4}.Release|Any CPU.Build.0 = Release|Any CPU
		{BA90AE0A-28F9-BEB1-CFEC-D0876D495D2D}.Debug|Any CPU.ActiveCfg = Debug|Any CPU
		{BA90AE0A-28F9-BEB1-CFEC-D0876D495D2D}.Debug|Any CPU.Build.0 = Debug|Any CPU
		{BA90AE0A-28F9-BEB1-CFEC-D0876D495D2D}.Release|Any CPU.ActiveCfg = Release|Any CPU
		{BA90AE0A-28F9-BEB1-CFEC-D0876D495D2D}.Release|Any CPU.Build.0 = Release|Any CPU
	EndGlobalSection
	GlobalSection(SolutionProperties) = preSolution
		HideSolutionNode = FALSE
	EndGlobalSection
	GlobalSection(ExtensibilityGlobals) = postSolution
		SolutionGuid = {67CEEECE-7C65-4D19-B643-626B66AC31C1}
	EndGlobalSection
EndGlobal
